
Microsoft Visual Studio Solution File, Format Version 12.00
# Visual Studio Version 17
VisualStudioVersion = 17.4.33122.133
MinimumVisualStudioVersion = 10.0.40219.1
Project("{FAE04EC0-301F-11D3-BF4B-00C04F79EFBC}") = "PasswordManager", "PasswordManager\PasswordManager.csproj", "{6989C098-9C19-4271-AF20-1CF864E26AFA}"
EndProject
Project("{FAE04EC0-301F-11D3-BF4B-00C04F79EFBC}") = "Database", "Database\Database.csproj", "{68FE02FB-4964-44CA-A627-F2BAC30E9165}"
EndProject
Global
	GlobalSection(SolutionConfigurationPlatforms) = preSolution
		Debug|Any CPU = Debug|Any CPU
		Release|Any CPU = Release|Any CPU
	EndGlobalSection
	GlobalSection(ProjectConfigurationPlatforms) = postSolution
		{6989C098-9C19-4271-AF20-1CF864E26AFA}.Debug|Any CPU.ActiveCfg = Debug|Any CPU
		{6989C098-9C19-4271-AF20-1CF864E26AFA}.Debug|Any CPU.Build.0 = Debug|Any CPU
		{6989C098-9C19-4271-AF20-1CF864E26AFA}.Release|Any CPU.ActiveCfg = Release|Any CPU
		{6989C098-9C19-4271-AF20-1CF864E26AFA}.Release|Any CPU.Build.0 = Release|Any CPU
		{68FE02FB-4964-44CA-A627-F2BAC30E9165}.Debug|Any CPU.ActiveCfg = Debug|Any CPU
		{68FE02FB-4964-44CA-A627-F2BAC30E9165}.Debug|Any CPU.Build.0 = Debug|Any CPU
		{68FE02FB-4964-44CA-A627-F2BAC30E9165}.Release|Any CPU.ActiveCfg = Release|Any CPU
		{68FE02FB-4964-44CA-A627-F2BAC30E9165}.Release|Any CPU.Build.0 = Release|Any CPU
	EndGlobalSection
	GlobalSection(SolutionProperties) = preSolution
		HideSolutionNode = FALSE
	EndGlobalSection
	GlobalSection(ExtensibilityGlobals) = postSolution
		SolutionGuid = {93B50F91-3774-46C2-AE51-EE1DEEDC907D}
	EndGlobalSection
EndGlobal
